
Microsoft Visual Studio Solution File, Format Version 12.00
# Visual Studio Version 17
VisualStudioVersion = 17.4.33103.184
MinimumVisualStudioVersion = 10.0.40219.1
Project("{9A19103F-16F7-4668-BE54-9A1E7A4F7556}") = "Chip8.Core", "Chip8.Core\Chip8.Core.csproj", "{9C7B9A77-01CD-4123-A520-B6336EE19BFF}"
EndProject
Project("{2150E333-8FDC-42A3-9474-1A3956D46DE8}") = "Solution Items", "Solution Items", "{2C99329E-A117-4A53-85A0-9D4BDF959C54}"
	ProjectSection(SolutionItems) = preProject
		.gitattributes = .gitattributes
		.gitignore = .gitignore
		LICENSE.txt = LICENSE.txt
		README.md = README.md
	EndProjectSection
EndProject
Project("{2150E333-8FDC-42A3-9474-1A3956D46DE8}") = "roms", "roms", "{158F4F0F-B556-4BF0-B483-1517E0873D45}"
	ProjectSection(SolutionItems) = preProject
		roms\Breakout [Carmelo Cortez, 1979].ch8 = roms\Breakout [Carmelo Cortez, 1979].ch8
		roms\Brix [Andreas Gustafsson, 1990].ch8 = roms\Brix [Andreas Gustafsson, 1990].ch8
		roms\Chip8 emulator Logo [Garstyciuks].ch8 = roms\Chip8 emulator Logo [Garstyciuks].ch8
		roms\Chip8 Picture.ch8 = roms\Chip8 Picture.ch8
		roms\Clock Program [Bill Fisher, 1981].ch8 = roms\Clock Program [Bill Fisher, 1981].ch8
		roms\Delay Timer Test [Matthew Mikolay, 2010].ch8 = roms\Delay Timer Test [Matthew Mikolay, 2010].ch8
		roms\IBM Logo.ch8 = roms\IBM Logo.ch8
		roms\jason.ch8 = roms\jason.ch8
		roms\Keypad Test [Hap, 2006].ch8 = roms\Keypad Test [Hap, 2006].ch8
		roms\Maze (alt) [David Winter, 199x].ch8 = roms\Maze (alt) [David Winter, 199x].ch8
		roms\Maze (alt) [David Winter, 199x].txt = roms\Maze (alt) [David Winter, 199x].txt
		roms\Maze [David Winter, 199x].ch8 = roms\Maze [David Winter, 199x].ch8
		roms\Maze [David Winter, 199x].txt = roms\Maze [David Winter, 199x].txt
		roms\Particle Demo [zeroZshadow, 2008].ch8 = roms\Particle Demo [zeroZshadow, 2008].ch8
		roms\Particle Demo [zeroZshadow, 2008].txt = roms\Particle Demo [zeroZshadow, 2008].txt
		roms\Pong (alt).ch8 = roms\Pong (alt).ch8
		roms\Random Number Test [Matthew Mikolay, 2010].ch8 = roms\Random Number Test [Matthew Mikolay, 2010].ch8
		roms\Sierpinski [Sergey Naydenov, 2010].ch8 = roms\Sierpinski [Sergey Naydenov, 2010].ch8
		roms\Sirpinski [Sergey Naydenov, 2010].ch8 = roms\Sirpinski [Sergey Naydenov, 2010].ch8
		roms\Space Invaders [David Winter].ch8 = roms\Space Invaders [David Winter].ch8
		roms\Stars [Sergey Naydenov, 2010].ch8 = roms\Stars [Sergey Naydenov, 2010].ch8
		roms\Tetris [Fran Dachille, 1991].ch8 = roms\Tetris [Fran Dachille, 1991].ch8
		roms\Trip8 Demo (2008) [Revival Studios].ch8 = roms\Trip8 Demo (2008) [Revival Studios].ch8
		roms\Trip8 Demo (2008) [Revival Studios].txt = roms\Trip8 Demo (2008) [Revival Studios].txt
		roms\Zero Demo [zeroZshadow, 2007].ch8 = roms\Zero Demo [zeroZshadow, 2007].ch8
		roms\Zero Demo [zeroZshadow, 2007].txt = roms\Zero Demo [zeroZshadow, 2007].txt
	EndProjectSection
EndProject
Project("{9A19103F-16F7-4668-BE54-9A1E7A4F7556}") = "Chip8", "Chip8\Chip8.csproj", "{6F2E372C-6517-44D6-9621-D6E9813244E0}"
EndProject
Global
	GlobalSection(SolutionConfigurationPlatforms) = preSolution
		Debug|Any CPU = Debug|Any CPU
		Release|Any CPU = Release|Any CPU
	EndGlobalSection
	GlobalSection(ProjectConfigurationPlatforms) = postSolution
		{9C7B9A77-01CD-4123-A520-B6336EE19BFF}.Debug|Any CPU.ActiveCfg = Debug|Any CPU
		{9C7B9A77-01CD-4123-A520-B6336EE19BFF}.Debug|Any CPU.Build.0 = Debug|Any CPU
		{9C7B9A77-01CD-4123-A520-B6336EE19BFF}.Release|Any CPU.ActiveCfg = Release|Any CPU
		{9C7B9A77-01CD-4123-A520-B6336EE19BFF}.Release|Any CPU.Build.0 = Release|Any CPU
		{6F2E372C-6517-44D6-9621-D6E9813244E0}.Debug|Any CPU.ActiveCfg = Debug|Any CPU
		{6F2E372C-6517-44D6-9621-D6E9813244E0}.Debug|Any CPU.Build.0 = Debug|Any CPU
		{6F2E372C-6517-44D6-9621-D6E9813244E0}.Release|Any CPU.ActiveCfg = Release|Any CPU
		{6F2E372C-6517-44D6-9621-D6E9813244E0}.Release|Any CPU.Build.0 = Release|Any CPU
	EndGlobalSection
	GlobalSection(SolutionProperties) = preSolution
		HideSolutionNode = FALSE
	EndGlobalSection
	GlobalSection(ExtensibilityGlobals) = postSolution
		SolutionGuid = {7E3AC357-DB17-47BF-A001-ADD29DD23765}
	EndGlobalSection
EndGlobal
